
Microsoft Visual Studio Solution File, Format Version 12.00
# Visual Studio Version 16
VisualStudioVersion = 16.0.30104.148
MinimumVisualStudioVersion = 10.0.40219.1
Project("{FAE04EC0-301F-11D3-BF4B-00C04F79EFBC}") = "Joueurs de foot", "Joueurs de foot\Joueurs de foot.csproj", "{B5602E75-D70A-4F41-B132-FEB7DC47C281}"
EndProject
Project("{FAE04EC0-301F-11D3-BF4B-00C04F79EFBC}") = "Joueur", "Joueur\Joueur.csproj", "{2C01AEF3-479C-46AF-80EF-A713611D50B9}"
EndProject
Global
	GlobalSection(SolutionConfigurationPlatforms) = preSolution
		Debug|Any CPU = Debug|Any CPU
		Release|Any CPU = Release|Any CPU
	EndGlobalSection
	GlobalSection(ProjectConfigurationPlatforms) = postSolution
		{B5602E75-D70A-4F41-B132-FEB7DC47C281}.Debug|Any CPU.ActiveCfg = Debug|Any CPU
		{B5602E75-D70A-4F41-B132-FEB7DC47C281}.Debug|Any CPU.Build.0 = Debug|Any CPU
		{B5602E75-D70A-4F41-B132-FEB7DC47C281}.Release|Any CPU.ActiveCfg = Release|Any CPU
		{B5602E75-D70A-4F41-B132-FEB7DC47C281}.Release|Any CPU.Build.0 = Release|Any CPU
		{2C01AEF3-479C-46AF-80EF-A713611D50B9}.Debug|Any CPU.ActiveCfg = Debug|Any CPU
		{2C01AEF3-479C-46AF-80EF-A713611D50B9}.Debug|Any CPU.Build.0 = Debug|Any CPU
		{2C01AEF3-479C-46AF-80EF-A713611D50B9}.Release|Any CPU.ActiveCfg = Release|Any CPU
		{2C01AEF3-479C-46AF-80EF-A713611D50B9}.Release|Any CPU.Build.0 = Release|Any CPU
	EndGlobalSection
	GlobalSection(SolutionProperties) = preSolution
		HideSolutionNode = FALSE
	EndGlobalSection
	GlobalSection(ExtensibilityGlobals) = postSolution
		SolutionGuid = {0C1ACDC8-28EE-4CB7-AAD2-68BC57098980}
	EndGlobalSection
EndGlobal
